{
  "version": 4,
  "terraform_version": "1.12.2",
  "serial": 708,
  "lineage": "795c380f-aa04-f0c5-2884-774203b3b5fa",
  "outputs": {
    "ssh_commands": {
      "value": {
        "master-1": "ssh ubuntu@192.168.122.100",
        "worker-1": "ssh ubuntu@192.168.122.101",
        "worker-2": "ssh ubuntu@192.168.122.102",
        "worker-3": "ssh ubuntu@192.168.122.103",
        "worker-4": "ssh ubuntu@192.168.122.104"
      },
      "type": [
        "object",
        {
          "master-1": "string",
          "worker-1": "string",
          "worker-2": "string",
          "worker-3": "string",
          "worker-4": "string"
        }
      ]
    },
    "vm_ips": {
      "value": {
        "master-1": "192.168.122.100",
        "worker-1": "192.168.122.101",
        "worker-2": "192.168.122.102",
        "worker-3": "192.168.122.103",
        "worker-4": "192.168.122.104"
      },
      "type": [
        "object",
        {
          "master-1": "string",
          "worker-1": "string",
          "worker-2": "string",
          "worker-3": "string",
          "worker-4": "string"
        }
      ]
    }
  },
  "resources": [
    {
      "mode": "managed",
      "type": "libvirt_cloudinit_disk",
      "name": "cloudinit",
      "provider": "provider[\"registry.terraform.io/dmacvicar/libvirt\"]",
      "instances": [
        {
          "index_key": "master-1",
          "schema_version": 0,
          "attributes": {
            "id": "/var/lib/libvirt/images/master-1-cloudinit.iso;ee03274e-68d8-4ff5-989b-5e7a08748e42",
            "meta_data": "",
            "name": "master-1-cloudinit.iso",
            "network_config": "version: 2\nethernets:\n  ens3:\n    dhcp4: false\n    addresses: [192.168.122.100/24]\n    gateway4: 192.168.122.1\n    nameservers:\n      addresses: [8.8.8.8]",
            "pool": "default",
            "user_data": "#cloud-config\nhostname: master-1\nusers:\n  - name: ubuntu\n    sudo: ['ALL=(ALL) NOPASSWD:ALL']\n    # For debugging console access, you can set a password. Remove for production.\n    password: \"atlantis\"\n    lock_passwd: false\n    ssh_authorized_keys:\n      - ssh-rsa AAAAB3NzaC1yc2EAAAADAQABAAACAQC0oJs+Iemep+dMh1aVIbW2De1ZabBuhS3RHA/x414kXY8oeaI1njkta6A7On+LoEuoVJ/YR+tj/wlkAv9emF08uG5FxocbHGVz6CXrcoBhOZeE3JbnkGd7a4G2cKHgQdktrj36daY8rqRKkjgIHmM+PGtAA9Z65Ohaju7UAS+W2ilepSZHca8wJmyCqf96TtIWacd20A2iOV0G01DLVQTyPwMESMbkWprR2U60qldJa6chTBgNGis12h0UEiorY0UovGwA107lARSnJnasLDjukdP70GL8fLt6sh/63OiKUsMzFnSJgUHKOyIQGjsJ6zzOsKBqCi1J/oeOOqsazvDdmmhPewb/14EP0kru4mcOGr75qsu5soLTADWwturyZrw7kcduGgAZHuOSx64Y6Tphejssa5637AC7Y+po8YVxbQLIw9vFksJ2uIcIQA9whkqhYQnIAUoSIa3CTTIywnOcOepxy1a9CmIV/lexq699xO45DZqWBTxEiJYZziWhLwt2EpVOqVjsQ6c1bSQQBOHQL8jTkZlUCW+rPPZr/YjAvW1PjLt65wFxqE91uH4YTRxiEAvw4sF1K4EAlfc1/hogR9C8VJEG9fAEMtJMaZh8jJolB7/Q+MRiwWWGBwuKQvd6UoIn/KCOj9Br/MJSIpGP1+em22gs5sLds9egyYwFBQ== amathis@deepthought\n\n"
          },
          "sensitive_attributes": [],
          "identity_schema_version": 0,
          "private": "bnVsbA=="
        },
        {
          "index_key": "worker-1",
          "schema_version": 0,
          "attributes": {
            "id": "/var/lib/libvirt/images/worker-1-cloudinit.iso;42e69080-d346-477c-8189-e5888f0c534b",
            "meta_data": "",
            "name": "worker-1-cloudinit.iso",
            "network_config": "version: 2\nethernets:\n  ens3:\n    dhcp4: false\n    addresses: [192.168.122.101/24]\n    gateway4: 192.168.122.1\n    nameservers:\n      addresses: [8.8.8.8]",
            "pool": "default",
            "user_data": "#cloud-config\nhostname: worker-1\nusers:\n  - name: ubuntu\n    sudo: ['ALL=(ALL) NOPASSWD:ALL']\n    # For debugging console access, you can set a password. Remove for production.\n    password: \"atlantis\"\n    lock_passwd: false\n    ssh_authorized_keys:\n      - ssh-rsa AAAAB3NzaC1yc2EAAAADAQABAAACAQC0oJs+Iemep+dMh1aVIbW2De1ZabBuhS3RHA/x414kXY8oeaI1njkta6A7On+LoEuoVJ/YR+tj/wlkAv9emF08uG5FxocbHGVz6CXrcoBhOZeE3JbnkGd7a4G2cKHgQdktrj36daY8rqRKkjgIHmM+PGtAA9Z65Ohaju7UAS+W2ilepSZHca8wJmyCqf96TtIWacd20A2iOV0G01DLVQTyPwMESMbkWprR2U60qldJa6chTBgNGis12h0UEiorY0UovGwA107lARSnJnasLDjukdP70GL8fLt6sh/63OiKUsMzFnSJgUHKOyIQGjsJ6zzOsKBqCi1J/oeOOqsazvDdmmhPewb/14EP0kru4mcOGr75qsu5soLTADWwturyZrw7kcduGgAZHuOSx64Y6Tphejssa5637AC7Y+po8YVxbQLIw9vFksJ2uIcIQA9whkqhYQnIAUoSIa3CTTIywnOcOepxy1a9CmIV/lexq699xO45DZqWBTxEiJYZziWhLwt2EpVOqVjsQ6c1bSQQBOHQL8jTkZlUCW+rPPZr/YjAvW1PjLt65wFxqE91uH4YTRxiEAvw4sF1K4EAlfc1/hogR9C8VJEG9fAEMtJMaZh8jJolB7/Q+MRiwWWGBwuKQvd6UoIn/KCOj9Br/MJSIpGP1+em22gs5sLds9egyYwFBQ== amathis@deepthought\n\n"
          },
          "sensitive_attributes": [],
          "identity_schema_version": 0,
          "private": "bnVsbA=="
        },
        {
          "index_key": "worker-2",
          "schema_version": 0,
          "attributes": {
            "id": "/var/lib/libvirt/images/worker-2-cloudinit.iso;592e1cb5-f0a4-41a9-a5a4-66dd5278214b",
            "meta_data": "",
            "name": "worker-2-cloudinit.iso",
            "network_config": "version: 2\nethernets:\n  ens3:\n    dhcp4: false\n    addresses: [192.168.122.102/24]\n    gateway4: 192.168.122.1\n    nameservers:\n      addresses: [8.8.8.8]",
            "pool": "default",
            "user_data": "#cloud-config\nhostname: worker-2\nusers:\n  - name: ubuntu\n    sudo: ['ALL=(ALL) NOPASSWD:ALL']\n    # For debugging console access, you can set a password. Remove for production.\n    password: \"atlantis\"\n    lock_passwd: false\n    ssh_authorized_keys:\n      - ssh-rsa AAAAB3NzaC1yc2EAAAADAQABAAACAQC0oJs+Iemep+dMh1aVIbW2De1ZabBuhS3RHA/x414kXY8oeaI1njkta6A7On+LoEuoVJ/YR+tj/wlkAv9emF08uG5FxocbHGVz6CXrcoBhOZeE3JbnkGd7a4G2cKHgQdktrj36daY8rqRKkjgIHmM+PGtAA9Z65Ohaju7UAS+W2ilepSZHca8wJmyCqf96TtIWacd20A2iOV0G01DLVQTyPwMESMbkWprR2U60qldJa6chTBgNGis12h0UEiorY0UovGwA107lARSnJnasLDjukdP70GL8fLt6sh/63OiKUsMzFnSJgUHKOyIQGjsJ6zzOsKBqCi1J/oeOOqsazvDdmmhPewb/14EP0kru4mcOGr75qsu5soLTADWwturyZrw7kcduGgAZHuOSx64Y6Tphejssa5637AC7Y+po8YVxbQLIw9vFksJ2uIcIQA9whkqhYQnIAUoSIa3CTTIywnOcOepxy1a9CmIV/lexq699xO45DZqWBTxEiJYZziWhLwt2EpVOqVjsQ6c1bSQQBOHQL8jTkZlUCW+rPPZr/YjAvW1PjLt65wFxqE91uH4YTRxiEAvw4sF1K4EAlfc1/hogR9C8VJEG9fAEMtJMaZh8jJolB7/Q+MRiwWWGBwuKQvd6UoIn/KCOj9Br/MJSIpGP1+em22gs5sLds9egyYwFBQ== amathis@deepthought\n\n"
          },
          "sensitive_attributes": [],
          "identity_schema_version": 0,
          "private": "bnVsbA=="
        },
        {
          "index_key": "worker-3",
          "schema_version": 0,
          "attributes": {
            "id": "/var/lib/libvirt/images/worker-3-cloudinit.iso;e5850064-928b-4ed3-88a6-22f3a5be460c",
            "meta_data": "",
            "name": "worker-3-cloudinit.iso",
            "network_config": "version: 2\nethernets:\n  ens3:\n    dhcp4: false\n    addresses: [192.168.122.103/24]\n    gateway4: 192.168.122.1\n    nameservers:\n      addresses: [8.8.8.8]",
            "pool": "default",
            "user_data": "#cloud-config\nhostname: worker-3\nusers:\n  - name: ubuntu\n    sudo: ['ALL=(ALL) NOPASSWD:ALL']\n    # For debugging console access, you can set a password. Remove for production.\n    password: \"atlantis\"\n    lock_passwd: false\n    ssh_authorized_keys:\n      - ssh-rsa AAAAB3NzaC1yc2EAAAADAQABAAACAQC0oJs+Iemep+dMh1aVIbW2De1ZabBuhS3RHA/x414kXY8oeaI1njkta6A7On+LoEuoVJ/YR+tj/wlkAv9emF08uG5FxocbHGVz6CXrcoBhOZeE3JbnkGd7a4G2cKHgQdktrj36daY8rqRKkjgIHmM+PGtAA9Z65Ohaju7UAS+W2ilepSZHca8wJmyCqf96TtIWacd20A2iOV0G01DLVQTyPwMESMbkWprR2U60qldJa6chTBgNGis12h0UEiorY0UovGwA107lARSnJnasLDjukdP70GL8fLt6sh/63OiKUsMzFnSJgUHKOyIQGjsJ6zzOsKBqCi1J/oeOOqsazvDdmmhPewb/14EP0kru4mcOGr75qsu5soLTADWwturyZrw7kcduGgAZHuOSx64Y6Tphejssa5637AC7Y+po8YVxbQLIw9vFksJ2uIcIQA9whkqhYQnIAUoSIa3CTTIywnOcOepxy1a9CmIV/lexq699xO45DZqWBTxEiJYZziWhLwt2EpVOqVjsQ6c1bSQQBOHQL8jTkZlUCW+rPPZr/YjAvW1PjLt65wFxqE91uH4YTRxiEAvw4sF1K4EAlfc1/hogR9C8VJEG9fAEMtJMaZh8jJolB7/Q+MRiwWWGBwuKQvd6UoIn/KCOj9Br/MJSIpGP1+em22gs5sLds9egyYwFBQ== amathis@deepthought\n\n"
          },
          "sensitive_attributes": [],
          "identity_schema_version": 0,
          "private": "bnVsbA=="
        },
        {
          "index_key": "worker-4",
          "schema_version": 0,
          "attributes": {
            "id": "/var/lib/libvirt/images/worker-4-cloudinit.iso;79d78db3-792c-4c38-b37f-314fa9128dd0",
            "meta_data": "",
            "name": "worker-4-cloudinit.iso",
            "network_config": "version: 2\nethernets:\n  ens3:\n    dhcp4: false\n    addresses: [192.168.122.104/24]\n    gateway4: 192.168.122.1\n    nameservers:\n      addresses: [8.8.8.8]",
            "pool": "default",
            "user_data": "#cloud-config\nhostname: worker-4\nusers:\n  - name: ubuntu\n    sudo: ['ALL=(ALL) NOPASSWD:ALL']\n    # For debugging console access, you can set a password. Remove for production.\n    password: \"atlantis\"\n    lock_passwd: false\n    ssh_authorized_keys:\n      - ssh-rsa AAAAB3NzaC1yc2EAAAADAQABAAACAQC0oJs+Iemep+dMh1aVIbW2De1ZabBuhS3RHA/x414kXY8oeaI1njkta6A7On+LoEuoVJ/YR+tj/wlkAv9emF08uG5FxocbHGVz6CXrcoBhOZeE3JbnkGd7a4G2cKHgQdktrj36daY8rqRKkjgIHmM+PGtAA9Z65Ohaju7UAS+W2ilepSZHca8wJmyCqf96TtIWacd20A2iOV0G01DLVQTyPwMESMbkWprR2U60qldJa6chTBgNGis12h0UEiorY0UovGwA107lARSnJnasLDjukdP70GL8fLt6sh/63OiKUsMzFnSJgUHKOyIQGjsJ6zzOsKBqCi1J/oeOOqsazvDdmmhPewb/14EP0kru4mcOGr75qsu5soLTADWwturyZrw7kcduGgAZHuOSx64Y6Tphejssa5637AC7Y+po8YVxbQLIw9vFksJ2uIcIQA9whkqhYQnIAUoSIa3CTTIywnOcOepxy1a9CmIV/lexq699xO45DZqWBTxEiJYZziWhLwt2EpVOqVjsQ6c1bSQQBOHQL8jTkZlUCW+rPPZr/YjAvW1PjLt65wFxqE91uH4YTRxiEAvw4sF1K4EAlfc1/hogR9C8VJEG9fAEMtJMaZh8jJolB7/Q+MRiwWWGBwuKQvd6UoIn/KCOj9Br/MJSIpGP1+em22gs5sLds9egyYwFBQ== amathis@deepthought\n\n"
          },
          "sensitive_attributes": [],
          "identity_schema_version": 0,
          "private": "bnVsbA=="
        }
      ]
    },
    {
      "mode": "managed",
      "type": "libvirt_domain",
      "name": "vm",
      "provider": "provider[\"registry.terraform.io/dmacvicar/libvirt\"]",
      "instances": [
        {
          "index_key": "master-1",
          "schema_version": 0,
          "attributes": {
            "arch": "x86_64",
            "autostart": false,
            "boot_device": [],
            "cloudinit": "/var/lib/libvirt/images/master-1-cloudinit.iso;ee03274e-68d8-4ff5-989b-5e7a08748e42",
            "cmdline": null,
            "console": [
              {
                "source_host": "127.0.0.1",
                "source_path": "",
                "source_service": "0",
                "target_port": "0",
                "target_type": "serial",
                "type": "pty"
              }
            ],
            "coreos_ignition": null,
            "cpu": [
              {
                "mode": "custom"
              }
            ],
            "description": "",
            "disk": [
              {
                "block_device": "",
                "file": "",
                "scsi": false,
                "url": "",
                "volume_id": "/var/lib/libvirt/images/master-1.qcow2",
                "wwn": ""
              }
            ],
            "emulator": "/usr/bin/qemu-system-x86_64",
            "filesystem": [],
            "firmware": null,
            "fw_cfg_name": "opt/com.coreos/config",
            "graphics": [
              {
                "autoport": true,
                "listen_address": "127.0.0.1",
                "listen_type": "address",
                "type": "vnc",
                "websocket": 0
              }
            ],
            "id": "7ea80537-e7db-4c58-a872-ed15f6fa1bce",
            "initrd": "",
            "kernel": "",
            "machine": "ubuntu",
            "memory": 2048,
            "metadata": null,
            "name": "master-1",
            "network_interface": [
              {
                "addresses": [],
                "bridge": "",
                "hostname": "",
                "mac": "52:54:00:96:D9:75",
                "macvtap": "",
                "network_id": "c9a21869-88f7-4bd4-8edd-7d54c9f51ea9",
                "network_name": "default",
                "passthrough": "",
                "vepa": "",
                "wait_for_lease": false
              }
            ],
            "nvram": [],
            "qemu_agent": false,
            "running": true,
            "timeouts": null,
            "tpm": [],
            "vcpu": 2,
            "video": [],
            "xml": []
          },
          "sensitive_attributes": [],
          "identity_schema_version": 0,
          "private": "eyJlMmJmYjczMC1lY2FhLTExZTYtOGY4OC0zNDM2M2JjN2M0YzAiOnsiY3JlYXRlIjozMDAwMDAwMDAwMDB9fQ==",
          "dependencies": [
            "libvirt_cloudinit_disk.cloudinit",
            "libvirt_volume.base_image",
            "libvirt_volume.disk"
          ]
        },
        {
          "index_key": "worker-1",
          "schema_version": 0,
          "attributes": {
            "arch": "x86_64",
            "autostart": false,
            "boot_device": [],
            "cloudinit": "/var/lib/libvirt/images/worker-1-cloudinit.iso;42e69080-d346-477c-8189-e5888f0c534b",
            "cmdline": null,
            "console": [
              {
                "source_host": "127.0.0.1",
                "source_path": "",
                "source_service": "0",
                "target_port": "0",
                "target_type": "serial",
                "type": "pty"
              }
            ],
            "coreos_ignition": null,
            "cpu": [
              {
                "mode": "custom"
              }
            ],
            "description": "",
            "disk": [
              {
                "block_device": "",
                "file": "",
                "scsi": false,
                "url": "",
                "volume_id": "/var/lib/libvirt/images/worker-1.qcow2",
                "wwn": ""
              }
            ],
            "emulator": "/usr/bin/qemu-system-x86_64",
            "filesystem": [],
            "firmware": null,
            "fw_cfg_name": "opt/com.coreos/config",
            "graphics": [
              {
                "autoport": true,
                "listen_address": "127.0.0.1",
                "listen_type": "address",
                "type": "vnc",
                "websocket": 0
              }
            ],
            "id": "a0597677-eecc-49a4-80a1-04dcf27cdeaa",
            "initrd": "",
            "kernel": "",
            "machine": "ubuntu",
            "memory": 2048,
            "metadata": null,
            "name": "worker-1",
            "network_interface": [
              {
                "addresses": [],
                "bridge": "",
                "hostname": "",
                "mac": "52:54:00:56:A7:D5",
                "macvtap": "",
                "network_id": "c9a21869-88f7-4bd4-8edd-7d54c9f51ea9",
                "network_name": "default",
                "passthrough": "",
                "vepa": "",
                "wait_for_lease": false
              }
            ],
            "nvram": [],
            "qemu_agent": false,
            "running": true,
            "timeouts": null,
            "tpm": [],
            "vcpu": 2,
            "video": [],
            "xml": []
          },
          "sensitive_attributes": [],
          "identity_schema_version": 0,
          "private": "eyJlMmJmYjczMC1lY2FhLTExZTYtOGY4OC0zNDM2M2JjN2M0YzAiOnsiY3JlYXRlIjozMDAwMDAwMDAwMDB9fQ==",
          "dependencies": [
            "libvirt_cloudinit_disk.cloudinit",
            "libvirt_volume.base_image",
            "libvirt_volume.disk"
          ]
        },
        {
          "index_key": "worker-2",
          "schema_version": 0,
          "attributes": {
            "arch": "x86_64",
            "autostart": false,
            "boot_device": [],
            "cloudinit": "/var/lib/libvirt/images/worker-2-cloudinit.iso;592e1cb5-f0a4-41a9-a5a4-66dd5278214b",
            "cmdline": null,
            "console": [
              {
                "source_host": "127.0.0.1",
                "source_path": "",
                "source_service": "0",
                "target_port": "0",
                "target_type": "serial",
                "type": "pty"
              }
            ],
            "coreos_ignition": null,
            "cpu": [
              {
                "mode": "custom"
              }
            ],
            "description": "",
            "disk": [
              {
                "block_device": "",
                "file": "",
                "scsi": false,
                "url": "",
                "volume_id": "/var/lib/libvirt/images/worker-2.qcow2",
                "wwn": ""
              }
            ],
            "emulator": "/usr/bin/qemu-system-x86_64",
            "filesystem": [],
            "firmware": null,
            "fw_cfg_name": "opt/com.coreos/config",
            "graphics": [
              {
                "autoport": true,
                "listen_address": "127.0.0.1",
                "listen_type": "address",
                "type": "vnc",
                "websocket": 0
              }
            ],
            "id": "49940e9f-5395-470f-9d65-8eb80ce0913a",
            "initrd": "",
            "kernel": "",
            "machine": "ubuntu",
            "memory": 2048,
            "metadata": null,
            "name": "worker-2",
            "network_interface": [
              {
                "addresses": [],
                "bridge": "",
                "hostname": "",
                "mac": "52:54:00:0A:D2:85",
                "macvtap": "",
                "network_id": "c9a21869-88f7-4bd4-8edd-7d54c9f51ea9",
                "network_name": "default",
                "passthrough": "",
                "vepa": "",
                "wait_for_lease": false
              }
            ],
            "nvram": [],
            "qemu_agent": false,
            "running": true,
            "timeouts": null,
            "tpm": [],
            "vcpu": 2,
            "video": [],
            "xml": []
          },
          "sensitive_attributes": [],
          "identity_schema_version": 0,
          "private": "eyJlMmJmYjczMC1lY2FhLTExZTYtOGY4OC0zNDM2M2JjN2M0YzAiOnsiY3JlYXRlIjozMDAwMDAwMDAwMDB9fQ==",
          "dependencies": [
            "libvirt_cloudinit_disk.cloudinit",
            "libvirt_volume.base_image",
            "libvirt_volume.disk"
          ]
        },
        {
          "index_key": "worker-3",
          "schema_version": 0,
          "attributes": {
            "arch": "x86_64",
            "autostart": false,
            "boot_device": [],
            "cloudinit": "/var/lib/libvirt/images/worker-3-cloudinit.iso;e5850064-928b-4ed3-88a6-22f3a5be460c",
            "cmdline": null,
            "console": [
              {
                "source_host": "127.0.0.1",
                "source_path": "",
                "source_service": "0",
                "target_port": "0",
                "target_type": "serial",
                "type": "pty"
              }
            ],
            "coreos_ignition": null,
            "cpu": [
              {
                "mode": "custom"
              }
            ],
            "description": "",
            "disk": [
              {
                "block_device": "",
                "file": "",
                "scsi": false,
                "url": "",
                "volume_id": "/var/lib/libvirt/images/worker-3.qcow2",
                "wwn": ""
              }
            ],
            "emulator": "/usr/bin/qemu-system-x86_64",
            "filesystem": [],
            "firmware": null,
            "fw_cfg_name": "opt/com.coreos/config",
            "graphics": [
              {
                "autoport": true,
                "listen_address": "127.0.0.1",
                "listen_type": "address",
                "type": "vnc",
                "websocket": 0
              }
            ],
            "id": "97fc1320-642c-4470-bd1a-36796d682268",
            "initrd": "",
            "kernel": "",
            "machine": "ubuntu",
            "memory": 2048,
            "metadata": null,
            "name": "worker-3",
            "network_interface": [
              {
                "addresses": [],
                "bridge": "",
                "hostname": "",
                "mac": "52:54:00:EE:49:03",
                "macvtap": "",
                "network_id": "c9a21869-88f7-4bd4-8edd-7d54c9f51ea9",
                "network_name": "default",
                "passthrough": "",
                "vepa": "",
                "wait_for_lease": false
              }
            ],
            "nvram": [],
            "qemu_agent": false,
            "running": true,
            "timeouts": null,
            "tpm": [],
            "vcpu": 2,
            "video": [],
            "xml": []
          },
          "sensitive_attributes": [],
          "identity_schema_version": 0,
          "private": "eyJlMmJmYjczMC1lY2FhLTExZTYtOGY4OC0zNDM2M2JjN2M0YzAiOnsiY3JlYXRlIjozMDAwMDAwMDAwMDB9fQ==",
          "dependencies": [
            "libvirt_cloudinit_disk.cloudinit",
            "libvirt_volume.base_image",
            "libvirt_volume.disk"
          ]
        },
        {
          "index_key": "worker-4",
          "schema_version": 0,
          "attributes": {
            "arch": "x86_64",
            "autostart": false,
            "boot_device": [],
            "cloudinit": "/var/lib/libvirt/images/worker-4-cloudinit.iso;79d78db3-792c-4c38-b37f-314fa9128dd0",
            "cmdline": null,
            "console": [
              {
                "source_host": "127.0.0.1",
                "source_path": "",
                "source_service": "0",
                "target_port": "0",
                "target_type": "serial",
                "type": "pty"
              }
            ],
            "coreos_ignition": null,
            "cpu": [
              {
                "mode": "custom"
              }
            ],
            "description": "",
            "disk": [
              {
                "block_device": "",
                "file": "",
                "scsi": false,
                "url": "",
                "volume_id": "/var/lib/libvirt/images/worker-4.qcow2",
                "wwn": ""
              }
            ],
            "emulator": "/usr/bin/qemu-system-x86_64",
            "filesystem": [],
            "firmware": null,
            "fw_cfg_name": "opt/com.coreos/config",
            "graphics": [
              {
                "autoport": true,
                "listen_address": "127.0.0.1",
                "listen_type": "address",
                "type": "vnc",
                "websocket": 0
              }
            ],
            "id": "bc54b5af-4262-4ab1-85a9-945e243ff73b",
            "initrd": "",
            "kernel": "",
            "machine": "ubuntu",
            "memory": 2048,
            "metadata": null,
            "name": "worker-4",
            "network_interface": [
              {
                "addresses": [],
                "bridge": "",
                "hostname": "",
                "mac": "52:54:00:46:99:CB",
                "macvtap": "",
                "network_id": "c9a21869-88f7-4bd4-8edd-7d54c9f51ea9",
                "network_name": "default",
                "passthrough": "",
                "vepa": "",
                "wait_for_lease": false
              }
            ],
            "nvram": [],
            "qemu_agent": false,
            "running": true,
            "timeouts": null,
            "tpm": [],
            "vcpu": 2,
            "video": [],
            "xml": []
          },
          "sensitive_attributes": [],
          "identity_schema_version": 0,
          "private": "eyJlMmJmYjczMC1lY2FhLTExZTYtOGY4OC0zNDM2M2JjN2M0YzAiOnsiY3JlYXRlIjozMDAwMDAwMDAwMDB9fQ==",
          "dependencies": [
            "libvirt_cloudinit_disk.cloudinit",
            "libvirt_volume.base_image",
            "libvirt_volume.disk"
          ]
        }
      ]
    },
    {
      "mode": "managed",
      "type": "libvirt_volume",
      "name": "base_image",
      "provider": "provider[\"registry.terraform.io/dmacvicar/libvirt\"]",
      "instances": [
        {
          "schema_version": 0,
          "attributes": {
            "base_volume_id": null,
            "base_volume_name": null,
            "base_volume_pool": null,
            "format": "qcow2",
            "id": "/var/lib/libvirt/images/ubuntu-noble-base",
            "name": "ubuntu-noble-base",
            "pool": "default",
            "size": 3758096384,
            "source": "https://cloud-images.ubuntu.com/noble/current/noble-server-cloudimg-amd64.img",
            "xml": []
          },
          "sensitive_attributes": [],
          "identity_schema_version": 0,
          "private": "bnVsbA=="
        }
      ]
    },
    {
      "mode": "managed",
      "type": "libvirt_volume",
      "name": "disk",
      "provider": "provider[\"registry.terraform.io/dmacvicar/libvirt\"]",
      "instances": [
        {
          "index_key": "master-1",
          "schema_version": 0,
          "attributes": {
            "base_volume_id": "/var/lib/libvirt/images/ubuntu-noble-base",
            "base_volume_name": null,
            "base_volume_pool": null,
            "format": "qcow2",
            "id": "/var/lib/libvirt/images/master-1.qcow2",
            "name": "master-1.qcow2",
            "pool": "default",
            "size": 21474836480,
            "source": null,
            "xml": []
          },
          "sensitive_attributes": [],
          "identity_schema_version": 0,
          "private": "bnVsbA==",
          "dependencies": [
            "libvirt_volume.base_image"
          ]
        },
        {
          "index_key": "worker-1",
          "schema_version": 0,
          "attributes": {
            "base_volume_id": "/var/lib/libvirt/images/ubuntu-noble-base",
            "base_volume_name": null,
            "base_volume_pool": null,
            "format": "qcow2",
            "id": "/var/lib/libvirt/images/worker-1.qcow2",
            "name": "worker-1.qcow2",
            "pool": "default",
            "size": 21474836480,
            "source": null,
            "xml": []
          },
          "sensitive_attributes": [],
          "identity_schema_version": 0,
          "private": "bnVsbA==",
          "dependencies": [
            "libvirt_volume.base_image"
          ]
        },
        {
          "index_key": "worker-2",
          "schema_version": 0,
          "attributes": {
            "base_volume_id": "/var/lib/libvirt/images/ubuntu-noble-base",
            "base_volume_name": null,
            "base_volume_pool": null,
            "format": "qcow2",
            "id": "/var/lib/libvirt/images/worker-2.qcow2",
            "name": "worker-2.qcow2",
            "pool": "default",
            "size": 21474836480,
            "source": null,
            "xml": []
          },
          "sensitive_attributes": [],
          "identity_schema_version": 0,
          "private": "bnVsbA==",
          "dependencies": [
            "libvirt_volume.base_image"
          ]
        },
        {
          "index_key": "worker-3",
          "schema_version": 0,
          "attributes": {
            "base_volume_id": "/var/lib/libvirt/images/ubuntu-noble-base",
            "base_volume_name": null,
            "base_volume_pool": null,
            "format": "qcow2",
            "id": "/var/lib/libvirt/images/worker-3.qcow2",
            "name": "worker-3.qcow2",
            "pool": "default",
            "size": 21474836480,
            "source": null,
            "xml": []
          },
          "sensitive_attributes": [],
          "identity_schema_version": 0,
          "private": "bnVsbA==",
          "dependencies": [
            "libvirt_volume.base_image"
          ]
        },
        {
          "index_key": "worker-4",
          "schema_version": 0,
          "attributes": {
            "base_volume_id": "/var/lib/libvirt/images/ubuntu-noble-base",
            "base_volume_name": null,
            "base_volume_pool": null,
            "format": "qcow2",
            "id": "/var/lib/libvirt/images/worker-4.qcow2",
            "name": "worker-4.qcow2",
            "pool": "default",
            "size": 21474836480,
            "source": null,
            "xml": []
          },
          "sensitive_attributes": [],
          "identity_schema_version": 0,
          "private": "bnVsbA==",
          "dependencies": [
            "libvirt_volume.base_image"
          ]
        }
      ]
    }
  ],
  "check_results": null
}
