{
  "version": 4,
  "terraform_version": "1.12.2",
  "serial": 1679,
  "lineage": "795c380f-aa04-f0c5-2884-774203b3b5fa",
  "outputs": {
    "master_ips": {
      "value": {
        "master-1": "192.168.122.100"
      },
      "type": [
        "object",
        {
          "master-1": "string"
        }
      ]
    },
    "ssh_commands": {
      "value": {
        "master-1": "ssh ubuntu@192.168.122.100",
        "worker-1": "ssh ubuntu@192.168.122.101",
        "worker-2": "ssh ubuntu@192.168.122.102",
        "worker-3": "ssh ubuntu@192.168.122.103",
        "worker-4": "ssh ubuntu@192.168.122.104"
      },
      "type": [
        "object",
        {
          "master-1": "string",
          "worker-1": "string",
          "worker-2": "string",
          "worker-3": "string",
          "worker-4": "string"
        }
      ]
    },
    "ssh_private_key_path": {
      "value": "~/.ssh/id_rsa",
      "type": "string"
    },
    "ssh_user": {
      "value": "ubuntu",
      "type": "string"
    },
    "worker_ips": {
      "value": {
        "worker-1": "192.168.122.101",
        "worker-2": "192.168.122.102",
        "worker-3": "192.168.122.103",
        "worker-4": "192.168.122.104"
      },
      "type": [
        "object",
        {
          "worker-1": "string",
          "worker-2": "string",
          "worker-3": "string",
          "worker-4": "string"
        }
      ]
    }
  },
  "resources": [
    {
      "mode": "managed",
      "type": "libvirt_cloudinit_disk",
      "name": "cloudinit",
      "provider": "provider[\"registry.terraform.io/dmacvicar/libvirt\"]",
      "instances": [
        {
          "index_key": "master-1",
          "schema_version": 0,
          "attributes": {
            "id": "/var/lib/libvirt/images/master-1-cloudinit.iso;54b2d48c-0395-4493-84d4-9572e0c3dfe4",
            "meta_data": "",
            "name": "master-1-cloudinit.iso",
            "network_config": "version: 2\nethernets:\n  ens3:\n    dhcp4: false\n    addresses: [192.168.122.100/24]\n    gateway4: 192.168.122.1\n    nameservers:\n      addresses: [8.8.8.8]",
            "pool": "default",
            "user_data": "#cloud-config\nhostname: master-1\nusers:\n  - name: ubuntu\n    sudo: ['ALL=(ALL) NOPASSWD:ALL']\n    # For debugging console access, you can set a password. Remove for production.\n    password: \"atlantis\"\n    lock_passwd: false\n    ssh_authorized_keys:\n      - ssh-rsa AAAAB3NzaC1yc2EAAAADAQABAAACAQC0oJs+Iemep+dMh1aVIbW2De1ZabBuhS3RHA/x414kXY8oeaI1njkta6A7On+LoEuoVJ/YR+tj/wlkAv9emF08uG5FxocbHGVz6CXrcoBhOZeE3JbnkGd7a4G2cKHgQdktrj36daY8rqRKkjgIHmM+PGtAA9Z65Ohaju7UAS+W2ilepSZHca8wJmyCqf96TtIWacd20A2iOV0G01DLVQTyPwMESMbkWprR2U60qldJa6chTBgNGis12h0UEiorY0UovGwA107lARSnJnasLDjukdP70GL8fLt6sh/63OiKUsMzFnSJgUHKOyIQGjsJ6zzOsKBqCi1J/oeOOqsazvDdmmhPewb/14EP0kru4mcOGr75qsu5soLTADWwturyZrw7kcduGgAZHuOSx64Y6Tphejssa5637AC7Y+po8YVxbQLIw9vFksJ2uIcIQA9whkqhYQnIAUoSIa3CTTIywnOcOepxy1a9CmIV/lexq699xO45DZqWBTxEiJYZziWhLwt2EpVOqVjsQ6c1bSQQBOHQL8jTkZlUCW+rPPZr/YjAvW1PjLt65wFxqE91uH4YTRxiEAvw4sF1K4EAlfc1/hogR9C8VJEG9fAEMtJMaZh8jJolB7/Q+MRiwWWGBwuKQvd6UoIn/KCOj9Br/MJSIpGP1+em22gs5sLds9egyYwFBQ== amathis@deepthought\n\n"
          },
          "sensitive_attributes": [],
          "identity_schema_version": 0,
          "private": "bnVsbA=="
        },
        {
          "index_key": "worker-1",
          "schema_version": 0,
          "attributes": {
            "id": "/var/lib/libvirt/images/worker-1-cloudinit.iso;e08cd037-6d6e-43aa-920d-800913bc5c45",
            "meta_data": "",
            "name": "worker-1-cloudinit.iso",
            "network_config": "version: 2\nethernets:\n  ens3:\n    dhcp4: false\n    addresses: [192.168.122.101/24]\n    gateway4: 192.168.122.1\n    nameservers:\n      addresses: [8.8.8.8]",
            "pool": "default",
            "user_data": "#cloud-config\nhostname: worker-1\nusers:\n  - name: ubuntu\n    sudo: ['ALL=(ALL) NOPASSWD:ALL']\n    # For debugging console access, you can set a password. Remove for production.\n    password: \"atlantis\"\n    lock_passwd: false\n    ssh_authorized_keys:\n      - ssh-rsa AAAAB3NzaC1yc2EAAAADAQABAAACAQC0oJs+Iemep+dMh1aVIbW2De1ZabBuhS3RHA/x414kXY8oeaI1njkta6A7On+LoEuoVJ/YR+tj/wlkAv9emF08uG5FxocbHGVz6CXrcoBhOZeE3JbnkGd7a4G2cKHgQdktrj36daY8rqRKkjgIHmM+PGtAA9Z65Ohaju7UAS+W2ilepSZHca8wJmyCqf96TtIWacd20A2iOV0G01DLVQTyPwMESMbkWprR2U60qldJa6chTBgNGis12h0UEiorY0UovGwA107lARSnJnasLDjukdP70GL8fLt6sh/63OiKUsMzFnSJgUHKOyIQGjsJ6zzOsKBqCi1J/oeOOqsazvDdmmhPewb/14EP0kru4mcOGr75qsu5soLTADWwturyZrw7kcduGgAZHuOSx64Y6Tphejssa5637AC7Y+po8YVxbQLIw9vFksJ2uIcIQA9whkqhYQnIAUoSIa3CTTIywnOcOepxy1a9CmIV/lexq699xO45DZqWBTxEiJYZziWhLwt2EpVOqVjsQ6c1bSQQBOHQL8jTkZlUCW+rPPZr/YjAvW1PjLt65wFxqE91uH4YTRxiEAvw4sF1K4EAlfc1/hogR9C8VJEG9fAEMtJMaZh8jJolB7/Q+MRiwWWGBwuKQvd6UoIn/KCOj9Br/MJSIpGP1+em22gs5sLds9egyYwFBQ== amathis@deepthought\n\n"
          },
          "sensitive_attributes": [],
          "identity_schema_version": 0,
          "private": "bnVsbA=="
        },
        {
          "index_key": "worker-2",
          "schema_version": 0,
          "attributes": {
            "id": "/var/lib/libvirt/images/worker-2-cloudinit.iso;6eb79455-ec33-4e63-8d67-d987a5c3263b",
            "meta_data": "",
            "name": "worker-2-cloudinit.iso",
            "network_config": "version: 2\nethernets:\n  ens3:\n    dhcp4: false\n    addresses: [192.168.122.102/24]\n    gateway4: 192.168.122.1\n    nameservers:\n      addresses: [8.8.8.8]",
            "pool": "default",
            "user_data": "#cloud-config\nhostname: worker-2\nusers:\n  - name: ubuntu\n    sudo: ['ALL=(ALL) NOPASSWD:ALL']\n    # For debugging console access, you can set a password. Remove for production.\n    password: \"atlantis\"\n    lock_passwd: false\n    ssh_authorized_keys:\n      - ssh-rsa AAAAB3NzaC1yc2EAAAADAQABAAACAQC0oJs+Iemep+dMh1aVIbW2De1ZabBuhS3RHA/x414kXY8oeaI1njkta6A7On+LoEuoVJ/YR+tj/wlkAv9emF08uG5FxocbHGVz6CXrcoBhOZeE3JbnkGd7a4G2cKHgQdktrj36daY8rqRKkjgIHmM+PGtAA9Z65Ohaju7UAS+W2ilepSZHca8wJmyCqf96TtIWacd20A2iOV0G01DLVQTyPwMESMbkWprR2U60qldJa6chTBgNGis12h0UEiorY0UovGwA107lARSnJnasLDjukdP70GL8fLt6sh/63OiKUsMzFnSJgUHKOyIQGjsJ6zzOsKBqCi1J/oeOOqsazvDdmmhPewb/14EP0kru4mcOGr75qsu5soLTADWwturyZrw7kcduGgAZHuOSx64Y6Tphejssa5637AC7Y+po8YVxbQLIw9vFksJ2uIcIQA9whkqhYQnIAUoSIa3CTTIywnOcOepxy1a9CmIV/lexq699xO45DZqWBTxEiJYZziWhLwt2EpVOqVjsQ6c1bSQQBOHQL8jTkZlUCW+rPPZr/YjAvW1PjLt65wFxqE91uH4YTRxiEAvw4sF1K4EAlfc1/hogR9C8VJEG9fAEMtJMaZh8jJolB7/Q+MRiwWWGBwuKQvd6UoIn/KCOj9Br/MJSIpGP1+em22gs5sLds9egyYwFBQ== amathis@deepthought\n\n"
          },
          "sensitive_attributes": [],
          "identity_schema_version": 0,
          "private": "bnVsbA=="
        },
        {
          "index_key": "worker-3",
          "schema_version": 0,
          "attributes": {
            "id": "/var/lib/libvirt/images/worker-3-cloudinit.iso;8e84a68f-c841-4bd3-97d0-875881f865be",
            "meta_data": "",
            "name": "worker-3-cloudinit.iso",
            "network_config": "version: 2\nethernets:\n  ens3:\n    dhcp4: false\n    addresses: [192.168.122.103/24]\n    gateway4: 192.168.122.1\n    nameservers:\n      addresses: [8.8.8.8]",
            "pool": "default",
            "user_data": "#cloud-config\nhostname: worker-3\nusers:\n  - name: ubuntu\n    sudo: ['ALL=(ALL) NOPASSWD:ALL']\n    # For debugging console access, you can set a password. Remove for production.\n    password: \"atlantis\"\n    lock_passwd: false\n    ssh_authorized_keys:\n      - ssh-rsa AAAAB3NzaC1yc2EAAAADAQABAAACAQC0oJs+Iemep+dMh1aVIbW2De1ZabBuhS3RHA/x414kXY8oeaI1njkta6A7On+LoEuoVJ/YR+tj/wlkAv9emF08uG5FxocbHGVz6CXrcoBhOZeE3JbnkGd7a4G2cKHgQdktrj36daY8rqRKkjgIHmM+PGtAA9Z65Ohaju7UAS+W2ilepSZHca8wJmyCqf96TtIWacd20A2iOV0G01DLVQTyPwMESMbkWprR2U60qldJa6chTBgNGis12h0UEiorY0UovGwA107lARSnJnasLDjukdP70GL8fLt6sh/63OiKUsMzFnSJgUHKOyIQGjsJ6zzOsKBqCi1J/oeOOqsazvDdmmhPewb/14EP0kru4mcOGr75qsu5soLTADWwturyZrw7kcduGgAZHuOSx64Y6Tphejssa5637AC7Y+po8YVxbQLIw9vFksJ2uIcIQA9whkqhYQnIAUoSIa3CTTIywnOcOepxy1a9CmIV/lexq699xO45DZqWBTxEiJYZziWhLwt2EpVOqVjsQ6c1bSQQBOHQL8jTkZlUCW+rPPZr/YjAvW1PjLt65wFxqE91uH4YTRxiEAvw4sF1K4EAlfc1/hogR9C8VJEG9fAEMtJMaZh8jJolB7/Q+MRiwWWGBwuKQvd6UoIn/KCOj9Br/MJSIpGP1+em22gs5sLds9egyYwFBQ== amathis@deepthought\n\n"
          },
          "sensitive_attributes": [],
          "identity_schema_version": 0,
          "private": "bnVsbA=="
        },
        {
          "index_key": "worker-4",
          "schema_version": 0,
          "attributes": {
            "id": "/var/lib/libvirt/images/worker-4-cloudinit.iso;5b91cc4a-a11d-4b3e-b257-75c27722dfdf",
            "meta_data": "",
            "name": "worker-4-cloudinit.iso",
            "network_config": "version: 2\nethernets:\n  ens3:\n    dhcp4: false\n    addresses: [192.168.122.104/24]\n    gateway4: 192.168.122.1\n    nameservers:\n      addresses: [8.8.8.8]",
            "pool": "default",
            "user_data": "#cloud-config\nhostname: worker-4\nusers:\n  - name: ubuntu\n    sudo: ['ALL=(ALL) NOPASSWD:ALL']\n    # For debugging console access, you can set a password. Remove for production.\n    password: \"atlantis\"\n    lock_passwd: false\n    ssh_authorized_keys:\n      - ssh-rsa AAAAB3NzaC1yc2EAAAADAQABAAACAQC0oJs+Iemep+dMh1aVIbW2De1ZabBuhS3RHA/x414kXY8oeaI1njkta6A7On+LoEuoVJ/YR+tj/wlkAv9emF08uG5FxocbHGVz6CXrcoBhOZeE3JbnkGd7a4G2cKHgQdktrj36daY8rqRKkjgIHmM+PGtAA9Z65Ohaju7UAS+W2ilepSZHca8wJmyCqf96TtIWacd20A2iOV0G01DLVQTyPwMESMbkWprR2U60qldJa6chTBgNGis12h0UEiorY0UovGwA107lARSnJnasLDjukdP70GL8fLt6sh/63OiKUsMzFnSJgUHKOyIQGjsJ6zzOsKBqCi1J/oeOOqsazvDdmmhPewb/14EP0kru4mcOGr75qsu5soLTADWwturyZrw7kcduGgAZHuOSx64Y6Tphejssa5637AC7Y+po8YVxbQLIw9vFksJ2uIcIQA9whkqhYQnIAUoSIa3CTTIywnOcOepxy1a9CmIV/lexq699xO45DZqWBTxEiJYZziWhLwt2EpVOqVjsQ6c1bSQQBOHQL8jTkZlUCW+rPPZr/YjAvW1PjLt65wFxqE91uH4YTRxiEAvw4sF1K4EAlfc1/hogR9C8VJEG9fAEMtJMaZh8jJolB7/Q+MRiwWWGBwuKQvd6UoIn/KCOj9Br/MJSIpGP1+em22gs5sLds9egyYwFBQ== amathis@deepthought\n\n"
          },
          "sensitive_attributes": [],
          "identity_schema_version": 0,
          "private": "bnVsbA=="
        }
      ]
    },
    {
      "mode": "managed",
      "type": "libvirt_domain",
      "name": "vm",
      "provider": "provider[\"registry.terraform.io/dmacvicar/libvirt\"]",
      "instances": [
        {
          "index_key": "master-1",
          "schema_version": 0,
          "attributes": {
            "arch": "x86_64",
            "autostart": false,
            "boot_device": [],
            "cloudinit": "/var/lib/libvirt/images/master-1-cloudinit.iso;54b2d48c-0395-4493-84d4-9572e0c3dfe4",
            "cmdline": [],
            "console": [
              {
                "source_host": "127.0.0.1",
                "source_path": "",
                "source_service": "0",
                "target_port": "0",
                "target_type": "serial",
                "type": "pty"
              }
            ],
            "coreos_ignition": null,
            "cpu": [
              {
                "mode": "custom"
              }
            ],
            "description": "",
            "disk": [
              {
                "block_device": "",
                "file": "",
                "scsi": false,
                "url": "",
                "volume_id": "/var/lib/libvirt/images/master-1.qcow2",
                "wwn": ""
              }
            ],
            "emulator": "/usr/bin/qemu-system-x86_64",
            "filesystem": [],
            "firmware": null,
            "fw_cfg_name": "opt/com.coreos/config",
            "graphics": [
              {
                "autoport": true,
                "listen_address": "127.0.0.1",
                "listen_type": "address",
                "type": "vnc",
                "websocket": 0
              }
            ],
            "id": "4e74dcc6-f7f3-41b1-a186-f46ea34d1fe1",
            "initrd": "",
            "kernel": "",
            "machine": "ubuntu",
            "memory": 4096,
            "metadata": null,
            "name": "master-1",
            "network_interface": [
              {
                "addresses": [],
                "bridge": "",
                "hostname": "",
                "mac": "52:54:00:7A:DD:17",
                "macvtap": "",
                "network_id": "c9a21869-88f7-4bd4-8edd-7d54c9f51ea9",
                "network_name": "default",
                "passthrough": "",
                "vepa": "",
                "wait_for_lease": false
              }
            ],
            "nvram": [],
            "qemu_agent": false,
            "running": true,
            "timeouts": null,
            "tpm": [],
            "vcpu": 2,
            "video": [],
            "xml": []
          },
          "sensitive_attributes": [],
          "identity_schema_version": 0,
          "private": "eyJlMmJmYjczMC1lY2FhLTExZTYtOGY4OC0zNDM2M2JjN2M0YzAiOnsiY3JlYXRlIjozMDAwMDAwMDAwMDB9fQ==",
          "dependencies": [
            "libvirt_cloudinit_disk.cloudinit",
            "libvirt_volume.base_image",
            "libvirt_volume.disk"
          ]
        },
        {
          "index_key": "worker-1",
          "schema_version": 0,
          "attributes": {
            "arch": "x86_64",
            "autostart": false,
            "boot_device": [],
            "cloudinit": "/var/lib/libvirt/images/worker-1-cloudinit.iso;e08cd037-6d6e-43aa-920d-800913bc5c45",
            "cmdline": [],
            "console": [
              {
                "source_host": "127.0.0.1",
                "source_path": "",
                "source_service": "0",
                "target_port": "0",
                "target_type": "serial",
                "type": "pty"
              }
            ],
            "coreos_ignition": null,
            "cpu": [
              {
                "mode": "custom"
              }
            ],
            "description": "",
            "disk": [
              {
                "block_device": "",
                "file": "",
                "scsi": false,
                "url": "",
                "volume_id": "/var/lib/libvirt/images/worker-1.qcow2",
                "wwn": ""
              }
            ],
            "emulator": "/usr/bin/qemu-system-x86_64",
            "filesystem": [],
            "firmware": null,
            "fw_cfg_name": "opt/com.coreos/config",
            "graphics": [
              {
                "autoport": true,
                "listen_address": "127.0.0.1",
                "listen_type": "address",
                "type": "vnc",
                "websocket": 0
              }
            ],
            "id": "bfb5e0a4-010c-4ff0-ad5e-02a11ded4e5e",
            "initrd": "",
            "kernel": "",
            "machine": "ubuntu",
            "memory": 4096,
            "metadata": null,
            "name": "worker-1",
            "network_interface": [
              {
                "addresses": [],
                "bridge": "",
                "hostname": "",
                "mac": "52:54:00:66:90:82",
                "macvtap": "",
                "network_id": "c9a21869-88f7-4bd4-8edd-7d54c9f51ea9",
                "network_name": "default",
                "passthrough": "",
                "vepa": "",
                "wait_for_lease": false
              }
            ],
            "nvram": [],
            "qemu_agent": false,
            "running": true,
            "timeouts": null,
            "tpm": [],
            "vcpu": 2,
            "video": [],
            "xml": []
          },
          "sensitive_attributes": [],
          "identity_schema_version": 0,
          "private": "eyJlMmJmYjczMC1lY2FhLTExZTYtOGY4OC0zNDM2M2JjN2M0YzAiOnsiY3JlYXRlIjozMDAwMDAwMDAwMDB9fQ==",
          "dependencies": [
            "libvirt_cloudinit_disk.cloudinit",
            "libvirt_volume.base_image",
            "libvirt_volume.disk"
          ]
        },
        {
          "index_key": "worker-2",
          "schema_version": 0,
          "attributes": {
            "arch": "x86_64",
            "autostart": false,
            "boot_device": [],
            "cloudinit": "/var/lib/libvirt/images/worker-2-cloudinit.iso;6eb79455-ec33-4e63-8d67-d987a5c3263b",
            "cmdline": [],
            "console": [
              {
                "source_host": "127.0.0.1",
                "source_path": "",
                "source_service": "0",
                "target_port": "0",
                "target_type": "serial",
                "type": "pty"
              }
            ],
            "coreos_ignition": null,
            "cpu": [
              {
                "mode": "custom"
              }
            ],
            "description": "",
            "disk": [
              {
                "block_device": "",
                "file": "",
                "scsi": false,
                "url": "",
                "volume_id": "/var/lib/libvirt/images/worker-2.qcow2",
                "wwn": ""
              }
            ],
            "emulator": "/usr/bin/qemu-system-x86_64",
            "filesystem": [],
            "firmware": null,
            "fw_cfg_name": "opt/com.coreos/config",
            "graphics": [
              {
                "autoport": true,
                "listen_address": "127.0.0.1",
                "listen_type": "address",
                "type": "vnc",
                "websocket": 0
              }
            ],
            "id": "b75a76cd-3f30-4785-ab78-17d35969d70e",
            "initrd": "",
            "kernel": "",
            "machine": "ubuntu",
            "memory": 4096,
            "metadata": null,
            "name": "worker-2",
            "network_interface": [
              {
                "addresses": [],
                "bridge": "",
                "hostname": "",
                "mac": "52:54:00:06:29:B2",
                "macvtap": "",
                "network_id": "c9a21869-88f7-4bd4-8edd-7d54c9f51ea9",
                "network_name": "default",
                "passthrough": "",
                "vepa": "",
                "wait_for_lease": false
              }
            ],
            "nvram": [],
            "qemu_agent": false,
            "running": true,
            "timeouts": null,
            "tpm": [],
            "vcpu": 2,
            "video": [],
            "xml": []
          },
          "sensitive_attributes": [],
          "identity_schema_version": 0,
          "private": "eyJlMmJmYjczMC1lY2FhLTExZTYtOGY4OC0zNDM2M2JjN2M0YzAiOnsiY3JlYXRlIjozMDAwMDAwMDAwMDB9fQ==",
          "dependencies": [
            "libvirt_cloudinit_disk.cloudinit",
            "libvirt_volume.base_image",
            "libvirt_volume.disk"
          ]
        },
        {
          "index_key": "worker-3",
          "schema_version": 0,
          "attributes": {
            "arch": "x86_64",
            "autostart": false,
            "boot_device": [],
            "cloudinit": "/var/lib/libvirt/images/worker-3-cloudinit.iso;8e84a68f-c841-4bd3-97d0-875881f865be",
            "cmdline": [],
            "console": [
              {
                "source_host": "127.0.0.1",
                "source_path": "",
                "source_service": "0",
                "target_port": "0",
                "target_type": "serial",
                "type": "pty"
              }
            ],
            "coreos_ignition": null,
            "cpu": [
              {
                "mode": "custom"
              }
            ],
            "description": "",
            "disk": [
              {
                "block_device": "",
                "file": "",
                "scsi": false,
                "url": "",
                "volume_id": "/var/lib/libvirt/images/worker-3.qcow2",
                "wwn": ""
              }
            ],
            "emulator": "/usr/bin/qemu-system-x86_64",
            "filesystem": [],
            "firmware": null,
            "fw_cfg_name": "opt/com.coreos/config",
            "graphics": [
              {
                "autoport": true,
                "listen_address": "127.0.0.1",
                "listen_type": "address",
                "type": "vnc",
                "websocket": 0
              }
            ],
            "id": "2245920b-bc78-4351-a904-381d02dbef42",
            "initrd": "",
            "kernel": "",
            "machine": "ubuntu",
            "memory": 4096,
            "metadata": null,
            "name": "worker-3",
            "network_interface": [
              {
                "addresses": [],
                "bridge": "",
                "hostname": "",
                "mac": "52:54:00:4E:9D:6C",
                "macvtap": "",
                "network_id": "c9a21869-88f7-4bd4-8edd-7d54c9f51ea9",
                "network_name": "default",
                "passthrough": "",
                "vepa": "",
                "wait_for_lease": false
              }
            ],
            "nvram": [],
            "qemu_agent": false,
            "running": true,
            "timeouts": null,
            "tpm": [],
            "vcpu": 2,
            "video": [],
            "xml": []
          },
          "sensitive_attributes": [],
          "identity_schema_version": 0,
          "private": "eyJlMmJmYjczMC1lY2FhLTExZTYtOGY4OC0zNDM2M2JjN2M0YzAiOnsiY3JlYXRlIjozMDAwMDAwMDAwMDB9fQ==",
          "dependencies": [
            "libvirt_cloudinit_disk.cloudinit",
            "libvirt_volume.base_image",
            "libvirt_volume.disk"
          ]
        },
        {
          "index_key": "worker-4",
          "schema_version": 0,
          "attributes": {
            "arch": "x86_64",
            "autostart": false,
            "boot_device": [],
            "cloudinit": "/var/lib/libvirt/images/worker-4-cloudinit.iso;5b91cc4a-a11d-4b3e-b257-75c27722dfdf",
            "cmdline": [],
            "console": [
              {
                "source_host": "127.0.0.1",
                "source_path": "",
                "source_service": "0",
                "target_port": "0",
                "target_type": "serial",
                "type": "pty"
              }
            ],
            "coreos_ignition": null,
            "cpu": [
              {
                "mode": "custom"
              }
            ],
            "description": "",
            "disk": [
              {
                "block_device": "",
                "file": "",
                "scsi": false,
                "url": "",
                "volume_id": "/var/lib/libvirt/images/worker-4.qcow2",
                "wwn": ""
              }
            ],
            "emulator": "/usr/bin/qemu-system-x86_64",
            "filesystem": [],
            "firmware": null,
            "fw_cfg_name": "opt/com.coreos/config",
            "graphics": [
              {
                "autoport": true,
                "listen_address": "127.0.0.1",
                "listen_type": "address",
                "type": "vnc",
                "websocket": 0
              }
            ],
            "id": "84c7c1be-c0e7-4c51-8b0d-7d0546a69f7c",
            "initrd": "",
            "kernel": "",
            "machine": "ubuntu",
            "memory": 4096,
            "metadata": null,
            "name": "worker-4",
            "network_interface": [
              {
                "addresses": [],
                "bridge": "",
                "hostname": "",
                "mac": "52:54:00:96:C2:E2",
                "macvtap": "",
                "network_id": "c9a21869-88f7-4bd4-8edd-7d54c9f51ea9",
                "network_name": "default",
                "passthrough": "",
                "vepa": "",
                "wait_for_lease": false
              }
            ],
            "nvram": [],
            "qemu_agent": false,
            "running": true,
            "timeouts": null,
            "tpm": [],
            "vcpu": 2,
            "video": [],
            "xml": []
          },
          "sensitive_attributes": [],
          "identity_schema_version": 0,
          "private": "eyJlMmJmYjczMC1lY2FhLTExZTYtOGY4OC0zNDM2M2JjN2M0YzAiOnsiY3JlYXRlIjozMDAwMDAwMDAwMDB9fQ==",
          "dependencies": [
            "libvirt_cloudinit_disk.cloudinit",
            "libvirt_volume.base_image",
            "libvirt_volume.disk"
          ]
        }
      ]
    },
    {
      "mode": "managed",
      "type": "libvirt_volume",
      "name": "base_image",
      "provider": "provider[\"registry.terraform.io/dmacvicar/libvirt\"]",
      "instances": [
        {
          "schema_version": 0,
          "attributes": {
            "base_volume_id": null,
            "base_volume_name": null,
            "base_volume_pool": null,
            "format": "qcow2",
            "id": "/var/lib/libvirt/images/ubuntu-noble-base",
            "name": "ubuntu-noble-base",
            "pool": "default",
            "size": 3758096384,
            "source": "https://cloud-images.ubuntu.com/noble/current/noble-server-cloudimg-amd64.img",
            "xml": []
          },
          "sensitive_attributes": [],
          "identity_schema_version": 0,
          "private": "bnVsbA=="
        }
      ]
    },
    {
      "mode": "managed",
      "type": "libvirt_volume",
      "name": "disk",
      "provider": "provider[\"registry.terraform.io/dmacvicar/libvirt\"]",
      "instances": [
        {
          "index_key": "master-1",
          "schema_version": 0,
          "attributes": {
            "base_volume_id": "/var/lib/libvirt/images/ubuntu-noble-base",
            "base_volume_name": null,
            "base_volume_pool": null,
            "format": "qcow2",
            "id": "/var/lib/libvirt/images/master-1.qcow2",
            "name": "master-1.qcow2",
            "pool": "default",
            "size": 21474836480,
            "source": null,
            "xml": []
          },
          "sensitive_attributes": [],
          "identity_schema_version": 0,
          "private": "bnVsbA==",
          "dependencies": [
            "libvirt_volume.base_image"
          ]
        },
        {
          "index_key": "worker-1",
          "schema_version": 0,
          "attributes": {
            "base_volume_id": "/var/lib/libvirt/images/ubuntu-noble-base",
            "base_volume_name": null,
            "base_volume_pool": null,
            "format": "qcow2",
            "id": "/var/lib/libvirt/images/worker-1.qcow2",
            "name": "worker-1.qcow2",
            "pool": "default",
            "size": 21474836480,
            "source": null,
            "xml": []
          },
          "sensitive_attributes": [],
          "identity_schema_version": 0,
          "private": "bnVsbA==",
          "dependencies": [
            "libvirt_volume.base_image"
          ]
        },
        {
          "index_key": "worker-2",
          "schema_version": 0,
          "attributes": {
            "base_volume_id": "/var/lib/libvirt/images/ubuntu-noble-base",
            "base_volume_name": null,
            "base_volume_pool": null,
            "format": "qcow2",
            "id": "/var/lib/libvirt/images/worker-2.qcow2",
            "name": "worker-2.qcow2",
            "pool": "default",
            "size": 21474836480,
            "source": null,
            "xml": []
          },
          "sensitive_attributes": [],
          "identity_schema_version": 0,
          "private": "bnVsbA==",
          "dependencies": [
            "libvirt_volume.base_image"
          ]
        },
        {
          "index_key": "worker-3",
          "schema_version": 0,
          "attributes": {
            "base_volume_id": "/var/lib/libvirt/images/ubuntu-noble-base",
            "base_volume_name": null,
            "base_volume_pool": null,
            "format": "qcow2",
            "id": "/var/lib/libvirt/images/worker-3.qcow2",
            "name": "worker-3.qcow2",
            "pool": "default",
            "size": 21474836480,
            "source": null,
            "xml": []
          },
          "sensitive_attributes": [],
          "identity_schema_version": 0,
          "private": "bnVsbA==",
          "dependencies": [
            "libvirt_volume.base_image"
          ]
        },
        {
          "index_key": "worker-4",
          "schema_version": 0,
          "attributes": {
            "base_volume_id": "/var/lib/libvirt/images/ubuntu-noble-base",
            "base_volume_name": null,
            "base_volume_pool": null,
            "format": "qcow2",
            "id": "/var/lib/libvirt/images/worker-4.qcow2",
            "name": "worker-4.qcow2",
            "pool": "default",
            "size": 21474836480,
            "source": null,
            "xml": []
          },
          "sensitive_attributes": [],
          "identity_schema_version": 0,
          "private": "bnVsbA==",
          "dependencies": [
            "libvirt_volume.base_image"
          ]
        }
      ]
    }
  ],
  "check_results": null
}
